<?xml version="1.0" encoding="utf-8"?>
<Project ToolsVersion="4.0" xmlns="http://schemas.microsoft.com/developer/msbuild/2003">
  <ItemGroup>
    <Filter Include="Source Files">
      <UniqueIdentifier>{4FC737F1-C7A5-4376-A066-2A32D752A2FF}</UniqueIdentifier>
      <Extensions>qml;cpp;c;cc;cxx;def;odl;idl;hpj;bat;asm;asmx</Extensions>
    </Filter>
    <Filter Include="Header Files">
      <UniqueIdentifier>{93995380-89BD-4b04-88EB-625FBE52EBFB}</UniqueIdentifier>
      <Extensions>h;hh;hpp;hxx;hm;inl;inc;xsd</Extensions>
    </Filter>
    <Filter Include="Resource Files">
      <UniqueIdentifier>{67DA6AB6-F800-4c08-8B7A-83BB121AAD01}</UniqueIdentifier>
      <Extensions>qrc;rc;ico;cur;bmp;dlg;rc2;rct;bin;rgs;gif;jpg;jpeg;jpe;resx;tiff;tif;png;wav;mfcribbon-ms</Extensions>
    </Filter>
    <Filter Include="Form Files">
      <UniqueIdentifier>{99349809-55BA-4b9d-BF79-8FDBB0286EB3}</UniqueIdentifier>
      <Extensions>ui</Extensions>
    </Filter>
    <Filter Include="Translation Files">
      <UniqueIdentifier>{639EADAA-A684-42e4-A9AD-28FC9BCB8F7C}</UniqueIdentifier>
      <Extensions>ts</Extensions>
    </Filter>
    <Filter Include="Source Files\OpenGLRendering">
      <UniqueIdentifier>{182954db-6e4d-46e2-93a2-7b10cb55fb07}</UniqueIdentifier>
    </Filter>
    <Filter Include="Source Files\Library">
      <UniqueIdentifier>{b9c91ea4-bd46-42bd-bb9a-37ac4d352001}</UniqueIdentifier>
    </Filter>
    <Filter Include="Source Files\QtWindow">
      <UniqueIdentifier>{9f5956de-7a36-412b-b65f-fae04a1317c9}</UniqueIdentifier>
    </Filter>
    <Filter Include="Source Files\Models">
      <UniqueIdentifier>{b9e5868f-6341-4074-a939-bf183a8c8c2b}</UniqueIdentifier>
    </Filter>
    <Filter Include="Header Files\Models">
      <UniqueIdentifier>{7a95d293-ddc9-4f74-800f-c26bcca87eba}</UniqueIdentifier>
    </Filter>
    <Filter Include="Header Files\QtWindow">
      <UniqueIdentifier>{6797913c-65f2-4a21-a9f0-5e584082e7a1}</UniqueIdentifier>
    </Filter>
    <Filter Include="Header Files\OpenGLRendering">
      <UniqueIdentifier>{18fb4150-c8fd-4a93-9c80-7671dd77b79e}</UniqueIdentifier>
    </Filter>
  </ItemGroup>
  <ItemGroup>
    <QtRcc Include="ProjectCompFab.qrc">
      <Filter>Resource Files</Filter>
    </QtRcc>
    <QtUic Include="ProjectCompFab.ui">
      <Filter>Form Files</Filter>
    </QtUic>
  </ItemGroup>
  <ItemGroup>
    <ClCompile Include="main.cpp">
      <Filter>Source Files</Filter>
    </ClCompile>
    <ClCompile Include="ObjectRenderView.cpp">
      <Filter>Source Files\OpenGLRendering</Filter>
    </ClCompile>
    <ClCompile Include="SliceRenderView.cpp">
      <Filter>Source Files\OpenGLRendering</Filter>
    </ClCompile>
    <ClCompile Include="glad.c">
      <Filter>Source Files\Library</Filter>
    </ClCompile>
    <ClCompile Include="MainWindow.cpp">
      <Filter>Source Files\QtWindow</Filter>
    </ClCompile>
    <ClCompile Include="SliceWindow.cpp">
      <Filter>Source Files\QtWindow</Filter>
    </ClCompile>
    <ClCompile Include="Mesh.cpp">
      <Filter>Source Files\Models</Filter>
    </ClCompile>
    <ClCompile Include="ObjectLoader.cpp">
      <Filter>Source Files\Models</Filter>
    </ClCompile>
    <ClCompile Include="SlicerPlane.cpp">
      <Filter>Source Files\Models</Filter>
    </ClCompile>
    <ClCompile Include="clipper.engine.cpp">
      <Filter>Source Files\Library</Filter>
    </ClCompile>
    <ClCompile Include="clipper.offset.cpp">
      <Filter>Source Files\Library</Filter>
    </ClCompile>
    <ClCompile Include="clipper.rectclip.cpp">
      <Filter>Source Files\Library</Filter>
    </ClCompile>
    <ClCompile Include="GcodeCreator.cpp">
      <Filter>Source Files\Models</Filter>
    </ClCompile>
    <ClCompile Include="SliceOperations.cpp">
      <Filter>Source Files\Models</Filter>
    </ClCompile>
  </ItemGroup>
  <ItemGroup>
    <None Include="resources\cube.stl">
      <Filter>Resource Files</Filter>
    </None>
    <None Include="resources\cube-sphere.stl">
      <Filter>Resource Files</Filter>
    </None>
    <None Include="resources\hole-test(advanced).stl">
      <Filter>Resource Files</Filter>
    </None>
    <None Include="resources\hole-test(easy).stl">
      <Filter>Resource Files</Filter>
    </None>
    <None Include="resources\hole-test(medium).stl">
      <Filter>Resource Files</Filter>
    </None>
    <None Include="resources\perimeter-test(easy).stl">
      <Filter>Resource Files</Filter>
    </None>
    <None Include="resources\perimeter-test(medium).stl">
      <Filter>Resource Files</Filter>
    </None>
    <None Include="resources\roof-test.stl">
      <Filter>Resource Files</Filter>
    </None>
    <None Include="resources\support-test.stl">
      <Filter>Resource Files</Filter>
    </None>
  </ItemGroup>
  <ItemGroup>
    <ClInclude Include="Mesh.h">
      <Filter>Header Files\Models</Filter>
    </ClInclude>
    <ClInclude Include="ObjectLoader.h">
      <Filter>Header Files\Models</Filter>
    </ClInclude>
    <ClInclude Include="SlicerPlane.h">
      <Filter>Header Files\Models</Filter>
    </ClInclude>
    <ClInclude Include="Texture.h">
      <Filter>Header Files\Models</Filter>
    </ClInclude>
    <ClInclude Include="Vertex.h">
      <Filter>Header Files\Models</Filter>
    </ClInclude>
    <ClInclude Include="GcodeCreator.h">
      <Filter>Header Files\Models</Filter>
    </ClInclude>
    <ClInclude Include="SliceOperations.h">
      <Filter>Header Files\Models</Filter>
    </ClInclude>
  </ItemGroup>
  <ItemGroup>
    <QtMoc Include="MainWindow.h">
      <Filter>Header Files\QtWindow</Filter>
    </QtMoc>
    <QtMoc Include="SliceWindow.h">
      <Filter>Header Files\QtWindow</Filter>
    </QtMoc>
    <QtMoc Include="ObjectRenderView.h">
      <Filter>Header Files\OpenGLRendering</Filter>
    </QtMoc>
    <QtMoc Include="SliceRenderView.h">
      <Filter>Header Files\OpenGLRendering</Filter>
    </QtMoc>
  </ItemGroup>
</Project>